
Microsoft Visual Studio Solution File, Format Version 12.00
# Visual Studio Version 17
VisualStudioVersion = 17.8.34309.116
MinimumVisualStudioVersion = 10.0.40219.1
Project("{FAE04EC0-301F-11D3-BF4B-00C04F79EFBC}") = "api", "api\api.csproj", "{314F6278-62D2-4536-81D2-F591341CB567}"
EndProject
Project("{FAE04EC0-301F-11D3-BF4B-00C04F79EFBC}") = "application", "application\application.csproj", "{43D94B70-9C99-4B4B-B5D0-9D5B59A04825}"
EndProject
Project("{FAE04EC0-301F-11D3-BF4B-00C04F79EFBC}") = "core", "core\core.csproj", "{0364B85B-4C7C-423E-B1E7-122218F2D526}"
EndProject
Project("{FAE04EC0-301F-11D3-BF4B-00C04F79EFBC}") = "infrastructure", "infrastructure\infrastructure.csproj", "{331A3479-6568-480C-AE34-3A2D3BEDFDD2}"
EndProject
Global
	GlobalSection(SolutionConfigurationPlatforms) = preSolution
		Debug|Any CPU = Debug|Any CPU
		Release|Any CPU = Release|Any CPU
	EndGlobalSection
	GlobalSection(ProjectConfigurationPlatforms) = postSolution
		{314F6278-62D2-4536-81D2-F591341CB567}.Debug|Any CPU.ActiveCfg = Debug|Any CPU
		{314F6278-62D2-4536-81D2-F591341CB567}.Debug|Any CPU.Build.0 = Debug|Any CPU
		{314F6278-62D2-4536-81D2-F591341CB567}.Release|Any CPU.ActiveCfg = Release|Any CPU
		{314F6278-62D2-4536-81D2-F591341CB567}.Release|Any CPU.Build.0 = Release|Any CPU
		{43D94B70-9C99-4B4B-B5D0-9D5B59A04825}.Debug|Any CPU.ActiveCfg = Debug|Any CPU
		{43D94B70-9C99-4B4B-B5D0-9D5B59A04825}.Debug|Any CPU.Build.0 = Debug|Any CPU
		{43D94B70-9C99-4B4B-B5D0-9D5B59A04825}.Release|Any CPU.ActiveCfg = Release|Any CPU
		{43D94B70-9C99-4B4B-B5D0-9D5B59A04825}.Release|Any CPU.Build.0 = Release|Any CPU
		{0364B85B-4C7C-423E-B1E7-122218F2D526}.Debug|Any CPU.ActiveCfg = Debug|Any CPU
		{0364B85B-4C7C-423E-B1E7-122218F2D526}.Debug|Any CPU.Build.0 = Debug|Any CPU
		{0364B85B-4C7C-423E-B1E7-122218F2D526}.Release|Any CPU.ActiveCfg = Release|Any CPU
		{0364B85B-4C7C-423E-B1E7-122218F2D526}.Release|Any CPU.Build.0 = Release|Any CPU
		{331A3479-6568-480C-AE34-3A2D3BEDFDD2}.Debug|Any CPU.ActiveCfg = Debug|Any CPU
		{331A3479-6568-480C-AE34-3A2D3BEDFDD2}.Debug|Any CPU.Build.0 = Debug|Any CPU
		{331A3479-6568-480C-AE34-3A2D3BEDFDD2}.Release|Any CPU.ActiveCfg = Release|Any CPU
		{331A3479-6568-480C-AE34-3A2D3BEDFDD2}.Release|Any CPU.Build.0 = Release|Any CPU
	EndGlobalSection
	GlobalSection(SolutionProperties) = preSolution
		HideSolutionNode = FALSE
	EndGlobalSection
	GlobalSection(ExtensibilityGlobals) = postSolution
		SolutionGuid = {A2753DCD-BAB2-4754-BB5C-2C3659D34D50}
	EndGlobalSection
EndGlobal
